
Microsoft Visual Studio Solution File, Format Version 12.00
# Visual Studio 15
VisualStudioVersion = 15.0.27703.2026
MinimumVisualStudioVersion = 10.0.40219.1
Project("{9A19103F-16F7-4668-BE54-9A1E7A4F7556}") = "CasaDoCodigo", "CasaDoCodigo\CasaDoCodigo.csproj", "{17D348B5-42F4-4E5D-BD28-795F42E4DEDB}"
EndProject
Global
	GlobalSection(SolutionConfigurationPlatforms) = preSolution
		Debug|Any CPU = Debug|Any CPU
		Release|Any CPU = Release|Any CPU
	EndGlobalSection
	GlobalSection(ProjectConfigurationPlatforms) = postSolution
		{17D348B5-42F4-4E5D-BD28-795F42E4DEDB}.Debug|Any CPU.ActiveCfg = Debug|Any CPU
		{17D348B5-42F4-4E5D-BD28-795F42E4DEDB}.Debug|Any CPU.Build.0 = Debug|Any CPU
		{17D348B5-42F4-4E5D-BD28-795F42E4DEDB}.Release|Any CPU.ActiveCfg = Release|Any CPU
		{17D348B5-42F4-4E5D-BD28-795F42E4DEDB}.Release|Any CPU.Build.0 = Release|Any CPU
	EndGlobalSection
	GlobalSection(SolutionProperties) = preSolution
		HideSolutionNode = FALSE
	EndGlobalSection
	GlobalSection(ExtensibilityGlobals) = postSolution
		SolutionGuid = {A90A8F56-FF55-4756-986C-5C8932BF98D4}
	EndGlobalSection
EndGlobal
